
Microsoft Visual Studio Solution File, Format Version 12.00
# Visual Studio Version 16
VisualStudioVersion = 16.0.33328.57
MinimumVisualStudioVersion = 10.0.40219.1
Project("{FAE04EC0-301F-11D3-BF4B-00C04F79EFBC}") = "KIO_ex_p216_01", "KIO_ex_p182_01\KIO_ex_p216_01.csproj", "{3A166CFF-56A6-4CED-9777-989B601EBAC5}"
EndProject
Project("{FAE04EC0-301F-11D3-BF4B-00C04F79EFBC}") = "p216_ex2", "p216_ex2\p216_ex2.csproj", "{C38BBCDE-067A-470C-8D92-7A8BA3B236A4}"
EndProject
Project("{FAE04EC0-301F-11D3-BF4B-00C04F79EFBC}") = "p216_ex3", "p216_ex3\p216_ex3.csproj", "{66FE7EB0-C5C0-4D4D-BF47-4D5799A5D06C}"
EndProject
Global
	GlobalSection(SolutionConfigurationPlatforms) = preSolution
		Debug|Any CPU = Debug|Any CPU
		Release|Any CPU = Release|Any CPU
	EndGlobalSection
	GlobalSection(ProjectConfigurationPlatforms) = postSolution
		{3A166CFF-56A6-4CED-9777-989B601EBAC5}.Debug|Any CPU.ActiveCfg = Debug|Any CPU
		{3A166CFF-56A6-4CED-9777-989B601EBAC5}.Debug|Any CPU.Build.0 = Debug|Any CPU
		{3A166CFF-56A6-4CED-9777-989B601EBAC5}.Release|Any CPU.ActiveCfg = Release|Any CPU
		{3A166CFF-56A6-4CED-9777-989B601EBAC5}.Release|Any CPU.Build.0 = Release|Any CPU
		{C38BBCDE-067A-470C-8D92-7A8BA3B236A4}.Debug|Any CPU.ActiveCfg = Debug|Any CPU
		{C38BBCDE-067A-470C-8D92-7A8BA3B236A4}.Debug|Any CPU.Build.0 = Debug|Any CPU
		{C38BBCDE-067A-470C-8D92-7A8BA3B236A4}.Release|Any CPU.ActiveCfg = Release|Any CPU
		{C38BBCDE-067A-470C-8D92-7A8BA3B236A4}.Release|Any CPU.Build.0 = Release|Any CPU
		{66FE7EB0-C5C0-4D4D-BF47-4D5799A5D06C}.Debug|Any CPU.ActiveCfg = Debug|Any CPU
		{66FE7EB0-C5C0-4D4D-BF47-4D5799A5D06C}.Debug|Any CPU.Build.0 = Debug|Any CPU
		{66FE7EB0-C5C0-4D4D-BF47-4D5799A5D06C}.Release|Any CPU.ActiveCfg = Release|Any CPU
		{66FE7EB0-C5C0-4D4D-BF47-4D5799A5D06C}.Release|Any CPU.Build.0 = Release|Any CPU
	EndGlobalSection
	GlobalSection(SolutionProperties) = preSolution
		HideSolutionNode = FALSE
	EndGlobalSection
	GlobalSection(ExtensibilityGlobals) = postSolution
		SolutionGuid = {3BFAC749-7AA0-46B5-8685-74F0798908B2}
	EndGlobalSection
EndGlobal
